github.com/bcscb8/wagon v0.0.0-20191031130446-60b70aad4a51 h1:zEuaBXUcfXQvNg320CghdvBbut1Yqbmuf1kVC6zENes=
github.com/bcscb8/wagon v0.0.0-20191031130446-60b70aad4a51/go.mod h1:5+b/MBYkclRZngKF5s6qrgWxSLgE9F5dFdO1hAueZLc=
github.com/bcscb8/wagon v0.0.0-20191101122634-ebb1cceaeeef h1:GzkO/yUXFXA1Iwe0fGO9tRHlMVVWzFjFVKTNmku5dJ0=
github.com/bcscb8/wagon v0.0.0-20191101122634-ebb1cceaeeef/go.mod h1:5+b/MBYkclRZngKF5s6qrgWxSLgE9F5dFdO1hAueZLc=
github.com/bcscb8/wagon v0.0.0-20191104065136-c9def614df8d h1:/m2LVGtfpVP0LrRsa3G7V6jX3amQOlW7I9Zk/XMS3EU=
github.com/bcscb8/wagon v0.0.0-20191104065136-c9def614df8d/go.mod h1:5+b/MBYkclRZngKF5s6qrgWxSLgE9F5dFdO1hAueZLc=
github.com/bcscb8/wagon v0.0.0-20191104084722-e6bec2737f89 h1:zYLWGreMabj33r1fAcEjcDxSxAuW+YgC/qHzNzYNx3E=
github.com/bcscb8/wagon v0.0.0-20191104084722-e6bec2737f89/go.mod h1:5+b/MBYkclRZngKF5s6qrgWxSLgE9F5dFdO1hAueZLc=
github.com/bcscb8/wagon v0.0.0-20191105122222-76d571124bdc h1:V8MNA2krXs8gle7b08fz8yvshdJMixUGzdweQJP01f4=
github.com/bcscb8/wagon v0.0.0-20191105122222-76d571124bdc/go.mod h1:5+b/MBYkclRZngKF5s6qrgWxSLgE9F5dFdO1hAueZLc=
github.com/bcscb8/wagon v0.0.0-20191106074146-1e4365632c59 h1:ICfvdleLiQokKPTyxbxh0p0Kfcs0/Hw/hMtT1dsZMSc=
github.com/bcscb8/wagon v0.0.0-20191106074146-1e4365632c59/go.mod h1:5+b/MBYkclRZngKF5s6qrgWxSLgE9F5dFdO1hAueZLc=
github.com/bcscb8/wagon v0.0.0-20191106075845-c585c5e0ebc2 h1:Vato4ZExuNJBSjkAVA/I7ddvk2na1HaeSps/mIGuk70=
github.com/bcscb8/wagon v0.0.0-20191106075845-c585c5e0ebc2/go.mod h1:5+b/MBYkclRZngKF5s6qrgWxSLgE9F5dFdO1hAueZLc=
github.com/bcscb8/wagon v0.0.0-20191106123311-f83494e83a6e h1:5mWClP9zhXLxKKoyVLPan2IX+QlQ5mQHv0orse2Pq6c=
github.com/bcscb8/wagon v0.0.0-20191106123311-f83494e83a6e/go.mod h1:5+b/MBYkclRZngKF5s6qrgWxSLgE9F5dFdO1hAueZLc=
github.com/bcscb8/wagon v0.0.0-20191106131505-42dd886d8414 h1:jvjzQzQG0X67N+2DdYO5fPULr3+q7POLIUvFCFC+Slg=
github.com/bcscb8/wagon v0.0.0-20191106131505-42dd886d8414/go.mod h1:5+b/MBYkclRZngKF5s6qrgWxSLgE9F5dFdO1hAueZLc=
github.com/bcscb8/wagon v0.0.0-20191113080808-c64eb96cfc8a h1:Yvu+4xiEbfyuCsz4DHikBEA0ZMLqon1WRk4xJqNByG0=
github.com/bcscb8/wagon v0.0.0-20191113080808-c64eb96cfc8a/go.mod h1:5+b/MBYkclRZngKF5s6qrgWxSLgE9F5dFdO1hAueZLc=
github.com/bcscb8/wagon v0.0.0-20191114111650-bf3570ed7963 h1:Q79py2K4nvzak2Yj51T4kVoJtWRfsV8aO9xFu9Gr+fM=
github.com/bcscb8/wagon v0.0.0-20191114111650-bf3570ed7963/go.mod h1:5+b/MBYkclRZngKF5s6qrgWxSLgE9F5dFdO1hAueZLc=
github.com/bcscb8/wagon v0.0.0-20191115034247-f6f14695ca25 h1:eOjhx7s6MlkEJ1KhuFQqCqWUixPTKPM9BjUF6T7bxTg=
github.com/bcscb8/wagon v0.0.0-20191115034247-f6f14695ca25/go.mod h1:5+b/MBYkclRZngKF5s6qrgWxSLgE9F5dFdO1hAueZLc=
github.com/bcscb8/wagon v0.0.0-20191120034721-4f51f59e39b7 h1:pUXXE5BxUkrG2CC1HJWqYfbnE/oOh8Aam36T2HlzmI8=
github.com/bcscb8/wagon v0.0.0-20191120034721-4f51f59e39b7/go.mod h1:5+b/MBYkclRZngKF5s6qrgWxSLgE9F5dFdO1hAueZLc=
github.com/bcscb8/wagon v0.0.0-20191121064711-ee7998ad91d3 h1:W3KoyMyZyykx0KwoUNpeZ1y+j/peJfm6FnOhRXkCv4E=
github.com/bcscb8/wagon v0.0.0-20191121064711-ee7998ad91d3/go.mod h1:5+b/MBYkclRZngKF5s6qrgWxSLgE9F5dFdO1hAueZLc=
github.com/bcscb8/wagon v0.0.0-20191121122502-952a3037ba55 h1:6jhOI69nH+ZwpfCM6P/LRxlchyHBx2xKAVjpfBJBoXU=
github.com/bcscb8/wagon v0.0.0-20191121122502-952a3037ba55/go.mod h1:5+b/MBYkclRZngKF5s6qrgWxSLgE9F5dFdO1hAueZLc=
github.com/bcscb8/wagon v0.0.0-20191123103537-7daae414c90b h1:QeyvFCtmZk9fO+u8cjx2lsm2jl1bAnr2I3P1gxdHlUU=
github.com/bcscb8/wagon v0.0.0-20191123103537-7daae414c90b/go.mod h1:5+b/MBYkclRZngKF5s6qrgWxSLgE9F5dFdO1hAueZLc=
github.com/bcscb8/wagon v0.0.0-20191125074634-8f22da8f276b h1:8CbsvXV+4LyNLsWe0hbR2Pvp8Ek3HnodkbhI0BeijJk=
github.com/bcscb8/wagon v0.0.0-20191125074634-8f22da8f276b/go.mod h1:5+b/MBYkclRZngKF5s6qrgWxSLgE9F5dFdO1hAueZLc=
github.com/bcscb8/wagon v0.0.0-20191129031105-7cb2f4b363ed h1:BJek2QCX7K+UvQs8cFxU9Ad/uSQck+jn4bANA0NhhOc=
github.com/bcscb8/wagon v0.0.0-20191129031105-7cb2f4b363ed/go.mod h1:5+b/MBYkclRZngKF5s6qrgWxSLgE9F5dFdO1hAueZLc=
github.com/edsrzf/mmap-go v1.0.0 h1:CEBF7HpRnUCSJgGUb5h1Gm7e3VkmVDrR8lvWVLtrOFw=
github.com/edsrzf/mmap-go v1.0.0/go.mod h1:YO35OhQPt3KJa3ryjFM5Bs14WD66h8eGKpfaBNrHW5M=
github.com/twitchyliquid64/golang-asm v0.0.0-20190126203739-365674df15fc h1:RTUQlKzoZZVG3umWNzOYeFecQLIh+dbxXvJp1zPQJTI=
github.com/twitchyliquid64/golang-asm v0.0.0-20190126203739-365674df15fc/go.mod h1:NoCfSFWosfqMqmmD7hApkirIK9ozpHjxRnRxs1l413A=
github.com/xunleichain/wagon v0.5.1 h1:yDEdYSiruEE+07VSbSM8O5bZLxWHMy19eh2kjd7MSDc=
github.com/xunleichain/wagon v0.5.1/go.mod h1:5+b/MBYkclRZngKF5s6qrgWxSLgE9F5dFdO1hAueZLc=
github.com/xunleichain/wagon v0.5.2 h1:Yms9pInRvlunUc4qh43gbHiHTPpWH5yIBUkyodpk/aA=
github.com/xunleichain/wagon v0.5.2/go.mod h1:5+b/MBYkclRZngKF5s6qrgWxSLgE9F5dFdO1hAueZLc=
github.com/xunleichain/wagon v0.5.3 h1:Q7CWoQKXtD+ShHeu+YyPXVC/0kWcJCeD3UKsuIDpiOU=
github.com/xunleichain/wagon v0.5.3/go.mod h1:5+b/MBYkclRZngKF5s6qrgWxSLgE9F5dFdO1hAueZLc=
github.com/xunleichain/wagon v0.5.4 h1:DO56WGrmD+qiqp0xUTNg1kX41cUbTY95VCFdcBRukUc=
github.com/xunleichain/wagon v0.5.4/go.mod h1:5+b/MBYkclRZngKF5s6qrgWxSLgE9F5dFdO1hAueZLc=
golang.org/x/crypto v0.0.0-20190308221718-c2843e01d9a2/go.mod h1:djNgcEr1/C05ACkg1iLfiJU5Ep61QUkGW8qpdssI0+w=
golang.org/x/crypto v0.0.0-20190701094942-4def268fd1a4 h1:HuIa8hRrWRSrqYzx1qI49NNxhdi2PrY7gxVSq1JjLDc=
golang.org/x/crypto v0.0.0-20190701094942-4def268fd1a4/go.mod h1:yigFU9vqHzYiE8UmvKecakEJjdnWj3jj499lnFckfCI=
golang.org/x/net v0.0.0-20190404232315-eb5bcb51f2a3/go.mod h1:t9HGtf8HONx5eT2rtn7q6eTqICYqUVnKs3thJo3Qplg=
golang.org/x/sys v0.0.0-20190215142949-d0b11bdaac8a/go.mod h1:STP8DvDyc/dI5b8T5hshtkjS+E42TnysNCUPdjciGhY=
golang.org/x/sys v0.0.0-20190306220234-b354f8bf4d9e/go.mod h1:STP8DvDyc/dI5b8T5hshtkjS+E42TnysNCUPdjciGhY=
golang.org/x/sys v0.0.0-20190412213103-97732733099d h1:+R4KGOnez64A81RvjARKc4UT5/tI9ujCIVX+P5KiHuI=
golang.org/x/sys v0.0.0-20190412213103-97732733099d/go.mod h1:h1NjWce9XRLGQEsW7wpKNCjG9DtNlClVuFLEZdDNbEs=
golang.org/x/text v0.3.0/go.mod h1:NqM8EUOU14njkJ3fqMW+pc6Ldnwhi/IjpwHt7yyuwOQ=
